
Microsoft Visual Studio Solution File, Format Version 12.00
# Visual Studio 15
Project("{FAE04EC0-301F-11D3-BF4B-00C04F79EFBC}") = "MvxMovies.Android", "MvxMovies.Android\MvxMovies.Android.csproj", "{F8197BFF-BA1B-49F4-98F1-0E3025BC68FB}"
EndProject
Project("{FAE04EC0-301F-11D3-BF4B-00C04F79EFBC}") = "MvxMovies.iOS", "MvxMovies.iOS\MvxMovies.iOS.csproj", "{30F17809-4F8A-408B-B236-7338EC8D7456}"
EndProject
Project("{FAE04EC0-301F-11D3-BF4B-00C04F79EFBC}") = "MvxMovies.Core", "MvxMovies.Core\MvxMovies.Core.csproj", "{4D0ED5A4-365C-4520-AF0F-5AEE481349CB}"
EndProject
Project("{FAE04EC0-301F-11D3-BF4B-00C04F79EFBC}") = "MvxMovies.UI", "MvxMovies.UI\MvxMovies.UI.csproj", "{14A76DF6-F3AC-4A15-B607-7C6B9FD796B2}"
EndProject
Project("{FAE04EC0-301F-11D3-BF4B-00C04F79EFBC}") = "MvxMovies.UI.Model", "MvxMovies.UI.Model\MvxMovies.UI.Model.csproj", "{CADED6DF-D7D9-48A0-9B62-EC77CA5D2E41}"
EndProject
Project("{2150E333-8FDC-42A3-9474-1A3956D46DE8}") = "Platforms", "Platforms", "{35BCF628-946D-41D1-8C5F-293855122F53}"
EndProject
Project("{FAE04EC0-301F-11D3-BF4B-00C04F79EFBC}") = "MvxMovies.Services", "MvxMovies.Services.Implementations\MvxMovies.Services.csproj", "{C8256454-B642-474B-8F96-8972AF60A106}"
EndProject
Project("{FAE04EC0-301F-11D3-BF4B-00C04F79EFBC}") = "MvxMovies.Entities", "MvxMovies.Entities\MvxMovies.Entities.csproj", "{388837C6-C04C-4993-9D9C-036AA548B141}"
EndProject
Project("{FAE04EC0-301F-11D3-BF4B-00C04F79EFBC}") = "MvxMovies.Common", "MvxMovies.Common\MvxMovies.Common.csproj", "{2CDD6907-EF3C-4C12-A9A1-1A2FF897F50A}"
EndProject
Global
	GlobalSection(SolutionConfigurationPlatforms) = preSolution
		Debug|Any CPU = Debug|Any CPU
		Release|Any CPU = Release|Any CPU
		Debug|iPhoneSimulator = Debug|iPhoneSimulator
		Release|iPhoneSimulator = Release|iPhoneSimulator
		Debug|iPhone = Debug|iPhone
		Release|iPhone = Release|iPhone
	EndGlobalSection
	GlobalSection(ProjectConfigurationPlatforms) = postSolution
		{F8197BFF-BA1B-49F4-98F1-0E3025BC68FB}.Debug|Any CPU.ActiveCfg = Debug|Any CPU
		{F8197BFF-BA1B-49F4-98F1-0E3025BC68FB}.Debug|Any CPU.Build.0 = Debug|Any CPU
		{F8197BFF-BA1B-49F4-98F1-0E3025BC68FB}.Release|Any CPU.ActiveCfg = Release|Any CPU
		{F8197BFF-BA1B-49F4-98F1-0E3025BC68FB}.Release|Any CPU.Build.0 = Release|Any CPU
		{F8197BFF-BA1B-49F4-98F1-0E3025BC68FB}.Debug|iPhoneSimulator.ActiveCfg = Debug|Any CPU
		{F8197BFF-BA1B-49F4-98F1-0E3025BC68FB}.Debug|iPhoneSimulator.Build.0 = Debug|Any CPU
		{F8197BFF-BA1B-49F4-98F1-0E3025BC68FB}.Release|iPhoneSimulator.ActiveCfg = Release|Any CPU
		{F8197BFF-BA1B-49F4-98F1-0E3025BC68FB}.Release|iPhoneSimulator.Build.0 = Release|Any CPU
		{F8197BFF-BA1B-49F4-98F1-0E3025BC68FB}.Debug|iPhone.ActiveCfg = Debug|Any CPU
		{F8197BFF-BA1B-49F4-98F1-0E3025BC68FB}.Debug|iPhone.Build.0 = Debug|Any CPU
		{F8197BFF-BA1B-49F4-98F1-0E3025BC68FB}.Release|iPhone.ActiveCfg = Release|Any CPU
		{F8197BFF-BA1B-49F4-98F1-0E3025BC68FB}.Release|iPhone.Build.0 = Release|Any CPU
		{30F17809-4F8A-408B-B236-7338EC8D7456}.Debug|Any CPU.ActiveCfg = Debug|iPhoneSimulator
		{30F17809-4F8A-408B-B236-7338EC8D7456}.Debug|Any CPU.Build.0 = Debug|iPhoneSimulator
		{30F17809-4F8A-408B-B236-7338EC8D7456}.Release|Any CPU.ActiveCfg = Release|iPhoneSimulator
		{30F17809-4F8A-408B-B236-7338EC8D7456}.Release|Any CPU.Build.0 = Release|iPhoneSimulator
		{30F17809-4F8A-408B-B236-7338EC8D7456}.Debug|iPhoneSimulator.ActiveCfg = Debug|iPhoneSimulator
		{30F17809-4F8A-408B-B236-7338EC8D7456}.Debug|iPhoneSimulator.Build.0 = Debug|iPhoneSimulator
		{30F17809-4F8A-408B-B236-7338EC8D7456}.Release|iPhoneSimulator.ActiveCfg = Release|iPhoneSimulator
		{30F17809-4F8A-408B-B236-7338EC8D7456}.Release|iPhoneSimulator.Build.0 = Release|iPhoneSimulator
		{30F17809-4F8A-408B-B236-7338EC8D7456}.Debug|iPhone.ActiveCfg = Debug|iPhone
		{30F17809-4F8A-408B-B236-7338EC8D7456}.Debug|iPhone.Build.0 = Debug|iPhone
		{30F17809-4F8A-408B-B236-7338EC8D7456}.Release|iPhone.ActiveCfg = Release|iPhone
		{30F17809-4F8A-408B-B236-7338EC8D7456}.Release|iPhone.Build.0 = Release|iPhone
		{4D0ED5A4-365C-4520-AF0F-5AEE481349CB}.Debug|Any CPU.ActiveCfg = Debug|Any CPU
		{4D0ED5A4-365C-4520-AF0F-5AEE481349CB}.Debug|Any CPU.Build.0 = Debug|Any CPU
		{4D0ED5A4-365C-4520-AF0F-5AEE481349CB}.Release|Any CPU.ActiveCfg = Release|Any CPU
		{4D0ED5A4-365C-4520-AF0F-5AEE481349CB}.Release|Any CPU.Build.0 = Release|Any CPU
		{4D0ED5A4-365C-4520-AF0F-5AEE481349CB}.Debug|iPhoneSimulator.ActiveCfg = Debug|Any CPU
		{4D0ED5A4-365C-4520-AF0F-5AEE481349CB}.Debug|iPhoneSimulator.Build.0 = Debug|Any CPU
		{4D0ED5A4-365C-4520-AF0F-5AEE481349CB}.Release|iPhoneSimulator.ActiveCfg = Release|Any CPU
		{4D0ED5A4-365C-4520-AF0F-5AEE481349CB}.Release|iPhoneSimulator.Build.0 = Release|Any CPU
		{4D0ED5A4-365C-4520-AF0F-5AEE481349CB}.Debug|iPhone.ActiveCfg = Debug|Any CPU
		{4D0ED5A4-365C-4520-AF0F-5AEE481349CB}.Debug|iPhone.Build.0 = Debug|Any CPU
		{4D0ED5A4-365C-4520-AF0F-5AEE481349CB}.Release|iPhone.ActiveCfg = Release|Any CPU
		{4D0ED5A4-365C-4520-AF0F-5AEE481349CB}.Release|iPhone.Build.0 = Release|Any CPU
		{14A76DF6-F3AC-4A15-B607-7C6B9FD796B2}.Debug|Any CPU.ActiveCfg = Debug|Any CPU
		{14A76DF6-F3AC-4A15-B607-7C6B9FD796B2}.Debug|Any CPU.Build.0 = Debug|Any CPU
		{14A76DF6-F3AC-4A15-B607-7C6B9FD796B2}.Release|Any CPU.ActiveCfg = Release|Any CPU
		{14A76DF6-F3AC-4A15-B607-7C6B9FD796B2}.Release|Any CPU.Build.0 = Release|Any CPU
		{14A76DF6-F3AC-4A15-B607-7C6B9FD796B2}.Debug|iPhoneSimulator.ActiveCfg = Debug|Any CPU
		{14A76DF6-F3AC-4A15-B607-7C6B9FD796B2}.Debug|iPhoneSimulator.Build.0 = Debug|Any CPU
		{14A76DF6-F3AC-4A15-B607-7C6B9FD796B2}.Release|iPhoneSimulator.ActiveCfg = Release|Any CPU
		{14A76DF6-F3AC-4A15-B607-7C6B9FD796B2}.Release|iPhoneSimulator.Build.0 = Release|Any CPU
		{14A76DF6-F3AC-4A15-B607-7C6B9FD796B2}.Debug|iPhone.ActiveCfg = Debug|Any CPU
		{14A76DF6-F3AC-4A15-B607-7C6B9FD796B2}.Debug|iPhone.Build.0 = Debug|Any CPU
		{14A76DF6-F3AC-4A15-B607-7C6B9FD796B2}.Release|iPhone.ActiveCfg = Release|Any CPU
		{14A76DF6-F3AC-4A15-B607-7C6B9FD796B2}.Release|iPhone.Build.0 = Release|Any CPU
		{CADED6DF-D7D9-48A0-9B62-EC77CA5D2E41}.Debug|Any CPU.ActiveCfg = Debug|Any CPU
		{CADED6DF-D7D9-48A0-9B62-EC77CA5D2E41}.Debug|Any CPU.Build.0 = Debug|Any CPU
		{CADED6DF-D7D9-48A0-9B62-EC77CA5D2E41}.Release|Any CPU.ActiveCfg = Release|Any CPU
		{CADED6DF-D7D9-48A0-9B62-EC77CA5D2E41}.Release|Any CPU.Build.0 = Release|Any CPU
		{CADED6DF-D7D9-48A0-9B62-EC77CA5D2E41}.Debug|iPhoneSimulator.ActiveCfg = Debug|Any CPU
		{CADED6DF-D7D9-48A0-9B62-EC77CA5D2E41}.Debug|iPhoneSimulator.Build.0 = Debug|Any CPU
		{CADED6DF-D7D9-48A0-9B62-EC77CA5D2E41}.Release|iPhoneSimulator.ActiveCfg = Release|Any CPU
		{CADED6DF-D7D9-48A0-9B62-EC77CA5D2E41}.Release|iPhoneSimulator.Build.0 = Release|Any CPU
		{CADED6DF-D7D9-48A0-9B62-EC77CA5D2E41}.Debug|iPhone.ActiveCfg = Debug|Any CPU
		{CADED6DF-D7D9-48A0-9B62-EC77CA5D2E41}.Debug|iPhone.Build.0 = Debug|Any CPU
		{CADED6DF-D7D9-48A0-9B62-EC77CA5D2E41}.Release|iPhone.ActiveCfg = Release|Any CPU
		{CADED6DF-D7D9-48A0-9B62-EC77CA5D2E41}.Release|iPhone.Build.0 = Release|Any CPU
		{C8256454-B642-474B-8F96-8972AF60A106}.Debug|Any CPU.ActiveCfg = Debug|Any CPU
		{C8256454-B642-474B-8F96-8972AF60A106}.Debug|Any CPU.Build.0 = Debug|Any CPU
		{C8256454-B642-474B-8F96-8972AF60A106}.Release|Any CPU.ActiveCfg = Release|Any CPU
		{C8256454-B642-474B-8F96-8972AF60A106}.Release|Any CPU.Build.0 = Release|Any CPU
		{C8256454-B642-474B-8F96-8972AF60A106}.Debug|iPhoneSimulator.ActiveCfg = Debug|Any CPU
		{C8256454-B642-474B-8F96-8972AF60A106}.Debug|iPhoneSimulator.Build.0 = Debug|Any CPU
		{C8256454-B642-474B-8F96-8972AF60A106}.Release|iPhoneSimulator.ActiveCfg = Release|Any CPU
		{C8256454-B642-474B-8F96-8972AF60A106}.Release|iPhoneSimulator.Build.0 = Release|Any CPU
		{C8256454-B642-474B-8F96-8972AF60A106}.Debug|iPhone.ActiveCfg = Debug|Any CPU
		{C8256454-B642-474B-8F96-8972AF60A106}.Debug|iPhone.Build.0 = Debug|Any CPU
		{C8256454-B642-474B-8F96-8972AF60A106}.Release|iPhone.ActiveCfg = Release|Any CPU
		{C8256454-B642-474B-8F96-8972AF60A106}.Release|iPhone.Build.0 = Release|Any CPU
		{388837C6-C04C-4993-9D9C-036AA548B141}.Debug|Any CPU.ActiveCfg = Debug|Any CPU
		{388837C6-C04C-4993-9D9C-036AA548B141}.Debug|Any CPU.Build.0 = Debug|Any CPU
		{388837C6-C04C-4993-9D9C-036AA548B141}.Release|Any CPU.ActiveCfg = Release|Any CPU
		{388837C6-C04C-4993-9D9C-036AA548B141}.Release|Any CPU.Build.0 = Release|Any CPU
		{388837C6-C04C-4993-9D9C-036AA548B141}.Debug|iPhoneSimulator.ActiveCfg = Debug|Any CPU
		{388837C6-C04C-4993-9D9C-036AA548B141}.Debug|iPhoneSimulator.Build.0 = Debug|Any CPU
		{388837C6-C04C-4993-9D9C-036AA548B141}.Release|iPhoneSimulator.ActiveCfg = Release|Any CPU
		{388837C6-C04C-4993-9D9C-036AA548B141}.Release|iPhoneSimulator.Build.0 = Release|Any CPU
		{388837C6-C04C-4993-9D9C-036AA548B141}.Debug|iPhone.ActiveCfg = Debug|Any CPU
		{388837C6-C04C-4993-9D9C-036AA548B141}.Debug|iPhone.Build.0 = Debug|Any CPU
		{388837C6-C04C-4993-9D9C-036AA548B141}.Release|iPhone.ActiveCfg = Release|Any CPU
		{388837C6-C04C-4993-9D9C-036AA548B141}.Release|iPhone.Build.0 = Release|Any CPU
		{2CDD6907-EF3C-4C12-A9A1-1A2FF897F50A}.Debug|Any CPU.ActiveCfg = Debug|Any CPU
		{2CDD6907-EF3C-4C12-A9A1-1A2FF897F50A}.Debug|Any CPU.Build.0 = Debug|Any CPU
		{2CDD6907-EF3C-4C12-A9A1-1A2FF897F50A}.Release|Any CPU.ActiveCfg = Release|Any CPU
		{2CDD6907-EF3C-4C12-A9A1-1A2FF897F50A}.Release|Any CPU.Build.0 = Release|Any CPU
		{2CDD6907-EF3C-4C12-A9A1-1A2FF897F50A}.Debug|iPhoneSimulator.ActiveCfg = Debug|Any CPU
		{2CDD6907-EF3C-4C12-A9A1-1A2FF897F50A}.Debug|iPhoneSimulator.Build.0 = Debug|Any CPU
		{2CDD6907-EF3C-4C12-A9A1-1A2FF897F50A}.Release|iPhoneSimulator.ActiveCfg = Release|Any CPU
		{2CDD6907-EF3C-4C12-A9A1-1A2FF897F50A}.Release|iPhoneSimulator.Build.0 = Release|Any CPU
		{2CDD6907-EF3C-4C12-A9A1-1A2FF897F50A}.Debug|iPhone.ActiveCfg = Debug|Any CPU
		{2CDD6907-EF3C-4C12-A9A1-1A2FF897F50A}.Debug|iPhone.Build.0 = Debug|Any CPU
		{2CDD6907-EF3C-4C12-A9A1-1A2FF897F50A}.Release|iPhone.ActiveCfg = Release|Any CPU
		{2CDD6907-EF3C-4C12-A9A1-1A2FF897F50A}.Release|iPhone.Build.0 = Release|Any CPU
	EndGlobalSection
	GlobalSection(NestedProjects) = preSolution
		{30F17809-4F8A-408B-B236-7338EC8D7456} = {35BCF628-946D-41D1-8C5F-293855122F53}
		{F8197BFF-BA1B-49F4-98F1-0E3025BC68FB} = {35BCF628-946D-41D1-8C5F-293855122F53}
	EndGlobalSection
EndGlobal
